
Microsoft Visual Studio Solution File, Format Version 11.00
# Visual Studio 2010
Project("{FAE04EC0-301F-11D3-BF4B-00C04F79EFBC}") = "CallCenter", "CallCenter\CallCenter.csproj", "{29ADE298-4D5E-48D6-A083-61E286C8576F}"
EndProject
Global
	GlobalSection(SolutionConfigurationPlatforms) = preSolution
		Debug|x86 = Debug|x86
		Release|x86 = Release|x86
	EndGlobalSection
	GlobalSection(ProjectConfigurationPlatforms) = postSolution
		{29ADE298-4D5E-48D6-A083-61E286C8576F}.Debug|x86.ActiveCfg = Debug|x86
		{29ADE298-4D5E-48D6-A083-61E286C8576F}.Debug|x86.Build.0 = Debug|x86
		{29ADE298-4D5E-48D6-A083-61E286C8576F}.Release|x86.ActiveCfg = Release|x86
		{29ADE298-4D5E-48D6-A083-61E286C8576F}.Release|x86.Build.0 = Release|x86
	EndGlobalSection
	GlobalSection(SolutionProperties) = preSolution
		HideSolutionNode = FALSE
	EndGlobalSection
EndGlobal
